
Microsoft Visual Studio Solution File, Format Version 12.00
# Visual Studio Version 16
VisualStudioVersion = 16.0.28803.352
MinimumVisualStudioVersion = 10.0.40219.1
Project("{FAE04EC0-301F-11D3-BF4B-00C04F79EFBC}") = "中文转义", "中文转义\中文转义.csproj", "{73854374-8D01-4F97-AACB-BA8A14DDA616}"
EndProject
Global
	GlobalSection(SolutionConfigurationPlatforms) = preSolution
		Debug|Any CPU = Debug|Any CPU
		Release|Any CPU = Release|Any CPU
	EndGlobalSection
	GlobalSection(ProjectConfigurationPlatforms) = postSolution
		{73854374-8D01-4F97-AACB-BA8A14DDA616}.Debug|Any CPU.ActiveCfg = Debug|Any CPU
		{73854374-8D01-4F97-AACB-BA8A14DDA616}.Debug|Any CPU.Build.0 = Debug|Any CPU
		{73854374-8D01-4F97-AACB-BA8A14DDA616}.Release|Any CPU.ActiveCfg = Release|Any CPU
		{73854374-8D01-4F97-AACB-BA8A14DDA616}.Release|Any CPU.Build.0 = Release|Any CPU
	EndGlobalSection
	GlobalSection(SolutionProperties) = preSolution
		HideSolutionNode = FALSE
	EndGlobalSection
	GlobalSection(ExtensibilityGlobals) = postSolution
		SolutionGuid = {BBDA96C0-A9B5-481C-8790-C5B482DD624D}
	EndGlobalSection
EndGlobal
